
Microsoft Visual Studio Solution File, Format Version 12.00
# Visual Studio 15
VisualStudioVersion = 15.0.28010.2026
MinimumVisualStudioVersion = 10.0.40219.1
Project("{FAE04EC0-301F-11D3-BF4B-00C04F79EFBC}") = "Balda", "Balda\Balda.csproj", "{199526A4-0A15-4559-8942-530A1380D553}"
EndProject
Global
	GlobalSection(SolutionConfigurationPlatforms) = preSolution
		Debug|Any CPU = Debug|Any CPU
		Release|Any CPU = Release|Any CPU
	EndGlobalSection
	GlobalSection(ProjectConfigurationPlatforms) = postSolution
		{199526A4-0A15-4559-8942-530A1380D553}.Debug|Any CPU.ActiveCfg = Debug|Any CPU
		{199526A4-0A15-4559-8942-530A1380D553}.Debug|Any CPU.Build.0 = Debug|Any CPU
		{199526A4-0A15-4559-8942-530A1380D553}.Release|Any CPU.ActiveCfg = Release|Any CPU
		{199526A4-0A15-4559-8942-530A1380D553}.Release|Any CPU.Build.0 = Release|Any CPU
	EndGlobalSection
	GlobalSection(SolutionProperties) = preSolution
		HideSolutionNode = FALSE
	EndGlobalSection
	GlobalSection(ExtensibilityGlobals) = postSolution
		SolutionGuid = {1594F3BC-8AF9-4F02-9021-6753DBB9C6F5}
	EndGlobalSection
EndGlobal
